
Microsoft Visual Studio Solution File, Format Version 12.00
# Visual Studio Version 17
VisualStudioVersion = 17.1.32328.378
MinimumVisualStudioVersion = 10.0.40219.1
Project("{2150E333-8FDC-42A3-9474-1A3956D46DE8}") = "0-Functions", "0-Functions", "{7B343438-CA0E-4026-94CA-0304DE4ED574}"
EndProject
Project("{8BC9CEB8-8B4A-11D0-8D11-00A0C91BC942}") = "Functions", "Functions\Functions.vcxproj", "{4B08A0EC-B11D-4F65-B829-8F5FE66151A0}"
EndProject
Project("{2150E333-8FDC-42A3-9474-1A3956D46DE8}") = "1-Structs", "1-Structs", "{34DE9199-4171-4DB9-A520-295242D63A59}"
EndProject
Project("{8BC9CEB8-8B4A-11D0-8D11-00A0C91BC942}") = "Structs", "Structs\Structs.vcxproj", "{FC706BE1-9E69-4113-B717-82FF6BF58673}"
EndProject
Project("{2150E333-8FDC-42A3-9474-1A3956D46DE8}") = "99-Drafts", "99-Drafts", "{10910F61-3D53-479A-8578-14FBABC2F04E}"
EndProject
Project("{8BC9CEB8-8B4A-11D0-8D11-00A0C91BC942}") = "Drafts", "Drafts\Drafts.vcxproj", "{52FEBAB4-CF03-48D8-B7F6-BD959C421877}"
EndProject
Project("{2150E333-8FDC-42A3-9474-1A3956D46DE8}") = "2-Strings", "2-Strings", "{216AB1B9-6AD0-46F0-A5F2-DEC37AEE089D}"
EndProject
Project("{8BC9CEB8-8B4A-11D0-8D11-00A0C91BC942}") = "Strings", "Strings\Strings.vcxproj", "{8AFA8C06-0A64-4A77-82E7-F7A039F419D1}"
EndProject
Project("{2150E333-8FDC-42A3-9474-1A3956D46DE8}") = "3-Sort", "3-Sort", "{8B4F3DEF-2FA8-487F-A7EE-8B2FEB515606}"
EndProject
Project("{8BC9CEB8-8B4A-11D0-8D11-00A0C91BC942}") = "Sort", "Sort\Sort.vcxproj", "{BB79906D-5891-4E02-AF6B-818713DAC20B}"
EndProject
Project("{2150E333-8FDC-42A3-9474-1A3956D46DE8}") = "4-Search", "4-Search", "{8CA2FFDC-866C-41A2-81A7-81E586F63CE6}"
EndProject
Project("{8BC9CEB8-8B4A-11D0-8D11-00A0C91BC942}") = "Search", "Search\Search.vcxproj", "{00CB1235-A834-4321-A3BA-11625845604D}"
EndProject
Global
	GlobalSection(SolutionConfigurationPlatforms) = preSolution
		Debug|x64 = Debug|x64
		Debug|x86 = Debug|x86
		Release|x64 = Release|x64
		Release|x86 = Release|x86
	EndGlobalSection
	GlobalSection(ProjectConfigurationPlatforms) = postSolution
		{4B08A0EC-B11D-4F65-B829-8F5FE66151A0}.Debug|x64.ActiveCfg = Debug|x64
		{4B08A0EC-B11D-4F65-B829-8F5FE66151A0}.Debug|x64.Build.0 = Debug|x64
		{4B08A0EC-B11D-4F65-B829-8F5FE66151A0}.Debug|x86.ActiveCfg = Debug|Win32
		{4B08A0EC-B11D-4F65-B829-8F5FE66151A0}.Debug|x86.Build.0 = Debug|Win32
		{4B08A0EC-B11D-4F65-B829-8F5FE66151A0}.Release|x64.ActiveCfg = Release|x64
		{4B08A0EC-B11D-4F65-B829-8F5FE66151A0}.Release|x64.Build.0 = Release|x64
		{4B08A0EC-B11D-4F65-B829-8F5FE66151A0}.Release|x86.ActiveCfg = Release|Win32
		{4B08A0EC-B11D-4F65-B829-8F5FE66151A0}.Release|x86.Build.0 = Release|Win32
		{FC706BE1-9E69-4113-B717-82FF6BF58673}.Debug|x64.ActiveCfg = Debug|x64
		{FC706BE1-9E69-4113-B717-82FF6BF58673}.Debug|x64.Build.0 = Debug|x64
		{FC706BE1-9E69-4113-B717-82FF6BF58673}.Debug|x86.ActiveCfg = Debug|Win32
		{FC706BE1-9E69-4113-B717-82FF6BF58673}.Debug|x86.Build.0 = Debug|Win32
		{FC706BE1-9E69-4113-B717-82FF6BF58673}.Release|x64.ActiveCfg = Release|x64
		{FC706BE1-9E69-4113-B717-82FF6BF58673}.Release|x64.Build.0 = Release|x64
		{FC706BE1-9E69-4113-B717-82FF6BF58673}.Release|x86.ActiveCfg = Release|Win32
		{FC706BE1-9E69-4113-B717-82FF6BF58673}.Release|x86.Build.0 = Release|Win32
		{52FEBAB4-CF03-48D8-B7F6-BD959C421877}.Debug|x64.ActiveCfg = Debug|x64
		{52FEBAB4-CF03-48D8-B7F6-BD959C421877}.Debug|x64.Build.0 = Debug|x64
		{52FEBAB4-CF03-48D8-B7F6-BD959C421877}.Debug|x86.ActiveCfg = Debug|Win32
		{52FEBAB4-CF03-48D8-B7F6-BD959C421877}.Debug|x86.Build.0 = Debug|Win32
		{52FEBAB4-CF03-48D8-B7F6-BD959C421877}.Release|x64.ActiveCfg = Release|x64
		{52FEBAB4-CF03-48D8-B7F6-BD959C421877}.Release|x64.Build.0 = Release|x64
		{52FEBAB4-CF03-48D8-B7F6-BD959C421877}.Release|x86.ActiveCfg = Release|Win32
		{52FEBAB4-CF03-48D8-B7F6-BD959C421877}.Release|x86.Build.0 = Release|Win32
		{8AFA8C06-0A64-4A77-82E7-F7A039F419D1}.Debug|x64.ActiveCfg = Debug|x64
		{8AFA8C06-0A64-4A77-82E7-F7A039F419D1}.Debug|x64.Build.0 = Debug|x64
		{8AFA8C06-0A64-4A77-82E7-F7A039F419D1}.Debug|x86.ActiveCfg = Debug|Win32
		{8AFA8C06-0A64-4A77-82E7-F7A039F419D1}.Debug|x86.Build.0 = Debug|Win32
		{8AFA8C06-0A64-4A77-82E7-F7A039F419D1}.Release|x64.ActiveCfg = Release|x64
		{8AFA8C06-0A64-4A77-82E7-F7A039F419D1}.Release|x64.Build.0 = Release|x64
		{8AFA8C06-0A64-4A77-82E7-F7A039F419D1}.Release|x86.ActiveCfg = Release|Win32
		{8AFA8C06-0A64-4A77-82E7-F7A039F419D1}.Release|x86.Build.0 = Release|Win32
		{BB79906D-5891-4E02-AF6B-818713DAC20B}.Debug|x64.ActiveCfg = Debug|x64
		{BB79906D-5891-4E02-AF6B-818713DAC20B}.Debug|x64.Build.0 = Debug|x64
		{BB79906D-5891-4E02-AF6B-818713DAC20B}.Debug|x86.ActiveCfg = Debug|Win32
		{BB79906D-5891-4E02-AF6B-818713DAC20B}.Debug|x86.Build.0 = Debug|Win32
		{BB79906D-5891-4E02-AF6B-818713DAC20B}.Release|x64.ActiveCfg = Release|x64
		{BB79906D-5891-4E02-AF6B-818713DAC20B}.Release|x64.Build.0 = Release|x64
		{BB79906D-5891-4E02-AF6B-818713DAC20B}.Release|x86.ActiveCfg = Release|Win32
		{BB79906D-5891-4E02-AF6B-818713DAC20B}.Release|x86.Build.0 = Release|Win32
		{00CB1235-A834-4321-A3BA-11625845604D}.Debug|x64.ActiveCfg = Debug|x64
		{00CB1235-A834-4321-A3BA-11625845604D}.Debug|x64.Build.0 = Debug|x64
		{00CB1235-A834-4321-A3BA-11625845604D}.Debug|x86.ActiveCfg = Debug|Win32
		{00CB1235-A834-4321-A3BA-11625845604D}.Debug|x86.Build.0 = Debug|Win32
		{00CB1235-A834-4321-A3BA-11625845604D}.Release|x64.ActiveCfg = Release|x64
		{00CB1235-A834-4321-A3BA-11625845604D}.Release|x64.Build.0 = Release|x64
		{00CB1235-A834-4321-A3BA-11625845604D}.Release|x86.ActiveCfg = Release|Win32
		{00CB1235-A834-4321-A3BA-11625845604D}.Release|x86.Build.0 = Release|Win32
	EndGlobalSection
	GlobalSection(SolutionProperties) = preSolution
		HideSolutionNode = FALSE
	EndGlobalSection
	GlobalSection(NestedProjects) = preSolution
		{4B08A0EC-B11D-4F65-B829-8F5FE66151A0} = {7B343438-CA0E-4026-94CA-0304DE4ED574}
		{FC706BE1-9E69-4113-B717-82FF6BF58673} = {34DE9199-4171-4DB9-A520-295242D63A59}
		{52FEBAB4-CF03-48D8-B7F6-BD959C421877} = {10910F61-3D53-479A-8578-14FBABC2F04E}
		{8AFA8C06-0A64-4A77-82E7-F7A039F419D1} = {216AB1B9-6AD0-46F0-A5F2-DEC37AEE089D}
		{BB79906D-5891-4E02-AF6B-818713DAC20B} = {8B4F3DEF-2FA8-487F-A7EE-8B2FEB515606}
		{00CB1235-A834-4321-A3BA-11625845604D} = {8CA2FFDC-866C-41A2-81A7-81E586F63CE6}
	EndGlobalSection
	GlobalSection(ExtensibilityGlobals) = postSolution
		SolutionGuid = {26124418-B031-4ECA-AB26-D2D9ADC49AB7}
	EndGlobalSection
EndGlobal
